
Microsoft Visual Studio Solution File, Format Version 12.00
# Visual Studio Version 18
VisualStudioVersion = 18.0.11018.127 d18.0
MinimumVisualStudioVersion = 10.0.40219.1
Project("{2150E333-8FDC-42A3-9474-1A3956D46DE8}") = "src", "src", "{827E0CD3-B72D-47B6-A68D-7590B98EB39B}"
EndProject
Project("{FAE04EC0-301F-11D3-BF4B-00C04F79EFBC}") = "Aspire.Shared", "src\Aspire.Shared\Aspire.Shared.csproj", "{5DA68065-9297-4C0F-96C3-336D75A4F2C9}"
EndProject
Project("{FAE04EC0-301F-11D3-BF4B-00C04F79EFBC}") = "Aspire.Host", "src\Aspire.Host\Aspire.Host.csproj", "{4FD862D4-2531-4CC3-BE5E-A44CFE53F55F}"
EndProject
Project("{FAE04EC0-301F-11D3-BF4B-00C04F79EFBC}") = "Aspire.MinimalApi", "src\Aspire.MinimalApi\Aspire.MinimalApi.csproj", "{68F060DC-18B0-459C-9A5F-AED9AA57144B}"
EndProject
Project("{FAE04EC0-301F-11D3-BF4B-00C04F79EFBC}") = "Aspire.BlazorApp", "src\Aspire.BlazorApp\Aspire.BlazorApp.csproj", "{57BEA9D3-A204-44F6-A852-F017BEB4A1E7}"
EndProject
Project("{FAE04EC0-301F-11D3-BF4B-00C04F79EFBC}") = "Aspire.ApiGateway", "src\Aspire.ApiGateway\Aspire.ApiGateway.csproj", "{1C07AD60-513D-4D9A-96E5-633424505FCC}"
EndProject
Project("{FAE04EC0-301F-11D3-BF4B-00C04F79EFBC}") = "Aspire.ServiceDefaults", "src\Aspire.ServiceDefaults\Aspire.ServiceDefaults.csproj", "{23F241FB-1FF0-47DC-89A0-7E47DA94EDDE}"
EndProject
Project("{2150E333-8FDC-42A3-9474-1A3956D46DE8}") = "Solution Items", "Solution Items", "{2790C74B-FED8-4D81-A20E-E743A8F40FE4}"
	ProjectSection(SolutionItems) = preProject
		.gitignore = .gitignore
		Directory.Build.props = Directory.Build.props
		Directory.Packages.props = Directory.Packages.props
		LICENSE = LICENSE
		README.md = README.md
	EndProjectSection
EndProject
Project("{2150E333-8FDC-42A3-9474-1A3956D46DE8}") = "docs", "docs", "{4A1974BF-69D5-4714-B5E7-93BEFF8FC2AC}"
	ProjectSection(SolutionItems) = preProject
		docs\API.md = docs\API.md
		docs\SETUP.md = docs\SETUP.md
	EndProjectSection
EndProject
Project("{2150E333-8FDC-42A3-9474-1A3956D46DE8}") = "images", "images", "{B96C39A2-528A-4AFF-95AE-76CB7239E6AB}"
	ProjectSection(SolutionItems) = preProject
		docs\images\.gitkeep = docs\images\.gitkeep
	EndProjectSection
EndProject
Global
	GlobalSection(SolutionConfigurationPlatforms) = preSolution
		Debug|Any CPU = Debug|Any CPU
		Debug|x64 = Debug|x64
		Debug|x86 = Debug|x86
		Release|Any CPU = Release|Any CPU
		Release|x64 = Release|x64
		Release|x86 = Release|x86
	EndGlobalSection
	GlobalSection(ProjectConfigurationPlatforms) = postSolution
		{5DA68065-9297-4C0F-96C3-336D75A4F2C9}.Debug|Any CPU.ActiveCfg = Debug|Any CPU
		{5DA68065-9297-4C0F-96C3-336D75A4F2C9}.Debug|Any CPU.Build.0 = Debug|Any CPU
		{5DA68065-9297-4C0F-96C3-336D75A4F2C9}.Debug|x64.ActiveCfg = Debug|Any CPU
		{5DA68065-9297-4C0F-96C3-336D75A4F2C9}.Debug|x64.Build.0 = Debug|Any CPU
		{5DA68065-9297-4C0F-96C3-336D75A4F2C9}.Debug|x86.ActiveCfg = Debug|Any CPU
		{5DA68065-9297-4C0F-96C3-336D75A4F2C9}.Debug|x86.Build.0 = Debug|Any CPU
		{5DA68065-9297-4C0F-96C3-336D75A4F2C9}.Release|Any CPU.ActiveCfg = Release|Any CPU
		{5DA68065-9297-4C0F-96C3-336D75A4F2C9}.Release|Any CPU.Build.0 = Release|Any CPU
		{5DA68065-9297-4C0F-96C3-336D75A4F2C9}.Release|x64.ActiveCfg = Release|Any CPU
		{5DA68065-9297-4C0F-96C3-336D75A4F2C9}.Release|x64.Build.0 = Release|Any CPU
		{5DA68065-9297-4C0F-96C3-336D75A4F2C9}.Release|x86.ActiveCfg = Release|Any CPU
		{5DA68065-9297-4C0F-96C3-336D75A4F2C9}.Release|x86.Build.0 = Release|Any CPU
		{4FD862D4-2531-4CC3-BE5E-A44CFE53F55F}.Debug|Any CPU.ActiveCfg = Debug|Any CPU
		{4FD862D4-2531-4CC3-BE5E-A44CFE53F55F}.Debug|Any CPU.Build.0 = Debug|Any CPU
		{4FD862D4-2531-4CC3-BE5E-A44CFE53F55F}.Debug|x64.ActiveCfg = Debug|Any CPU
		{4FD862D4-2531-4CC3-BE5E-A44CFE53F55F}.Debug|x64.Build.0 = Debug|Any CPU
		{4FD862D4-2531-4CC3-BE5E-A44CFE53F55F}.Debug|x86.ActiveCfg = Debug|Any CPU
		{4FD862D4-2531-4CC3-BE5E-A44CFE53F55F}.Debug|x86.Build.0 = Debug|Any CPU
		{4FD862D4-2531-4CC3-BE5E-A44CFE53F55F}.Release|Any CPU.ActiveCfg = Release|Any CPU
		{4FD862D4-2531-4CC3-BE5E-A44CFE53F55F}.Release|Any CPU.Build.0 = Release|Any CPU
		{4FD862D4-2531-4CC3-BE5E-A44CFE53F55F}.Release|x64.ActiveCfg = Release|Any CPU
		{4FD862D4-2531-4CC3-BE5E-A44CFE53F55F}.Release|x64.Build.0 = Release|Any CPU
		{4FD862D4-2531-4CC3-BE5E-A44CFE53F55F}.Release|x86.ActiveCfg = Release|Any CPU
		{4FD862D4-2531-4CC3-BE5E-A44CFE53F55F}.Release|x86.Build.0 = Release|Any CPU
		{68F060DC-18B0-459C-9A5F-AED9AA57144B}.Debug|Any CPU.ActiveCfg = Debug|Any CPU
		{68F060DC-18B0-459C-9A5F-AED9AA57144B}.Debug|Any CPU.Build.0 = Debug|Any CPU
		{68F060DC-18B0-459C-9A5F-AED9AA57144B}.Debug|x64.ActiveCfg = Debug|Any CPU
		{68F060DC-18B0-459C-9A5F-AED9AA57144B}.Debug|x64.Build.0 = Debug|Any CPU
		{68F060DC-18B0-459C-9A5F-AED9AA57144B}.Debug|x86.ActiveCfg = Debug|Any CPU
		{68F060DC-18B0-459C-9A5F-AED9AA57144B}.Debug|x86.Build.0 = Debug|Any CPU
		{68F060DC-18B0-459C-9A5F-AED9AA57144B}.Release|Any CPU.ActiveCfg = Release|Any CPU
		{68F060DC-18B0-459C-9A5F-AED9AA57144B}.Release|Any CPU.Build.0 = Release|Any CPU
		{68F060DC-18B0-459C-9A5F-AED9AA57144B}.Release|x64.ActiveCfg = Release|Any CPU
		{68F060DC-18B0-459C-9A5F-AED9AA57144B}.Release|x64.Build.0 = Release|Any CPU
		{68F060DC-18B0-459C-9A5F-AED9AA57144B}.Release|x86.ActiveCfg = Release|Any CPU
		{68F060DC-18B0-459C-9A5F-AED9AA57144B}.Release|x86.Build.0 = Release|Any CPU
		{57BEA9D3-A204-44F6-A852-F017BEB4A1E7}.Debug|Any CPU.ActiveCfg = Debug|Any CPU
		{57BEA9D3-A204-44F6-A852-F017BEB4A1E7}.Debug|Any CPU.Build.0 = Debug|Any CPU
		{57BEA9D3-A204-44F6-A852-F017BEB4A1E7}.Debug|x64.ActiveCfg = Debug|Any CPU
		{57BEA9D3-A204-44F6-A852-F017BEB4A1E7}.Debug|x64.Build.0 = Debug|Any CPU
		{57BEA9D3-A204-44F6-A852-F017BEB4A1E7}.Debug|x86.ActiveCfg = Debug|Any CPU
		{57BEA9D3-A204-44F6-A852-F017BEB4A1E7}.Debug|x86.Build.0 = Debug|Any CPU
		{57BEA9D3-A204-44F6-A852-F017BEB4A1E7}.Release|Any CPU.ActiveCfg = Release|Any CPU
		{57BEA9D3-A204-44F6-A852-F017BEB4A1E7}.Release|Any CPU.Build.0 = Release|Any CPU
		{57BEA9D3-A204-44F6-A852-F017BEB4A1E7}.Release|x64.ActiveCfg = Release|Any CPU
		{57BEA9D3-A204-44F6-A852-F017BEB4A1E7}.Release|x64.Build.0 = Release|Any CPU
		{57BEA9D3-A204-44F6-A852-F017BEB4A1E7}.Release|x86.ActiveCfg = Release|Any CPU
		{57BEA9D3-A204-44F6-A852-F017BEB4A1E7}.Release|x86.Build.0 = Release|Any CPU
		{1C07AD60-513D-4D9A-96E5-633424505FCC}.Debug|Any CPU.ActiveCfg = Debug|Any CPU
		{1C07AD60-513D-4D9A-96E5-633424505FCC}.Debug|Any CPU.Build.0 = Debug|Any CPU
		{1C07AD60-513D-4D9A-96E5-633424505FCC}.Debug|x64.ActiveCfg = Debug|Any CPU
		{1C07AD60-513D-4D9A-96E5-633424505FCC}.Debug|x64.Build.0 = Debug|Any CPU
		{1C07AD60-513D-4D9A-96E5-633424505FCC}.Debug|x86.ActiveCfg = Debug|Any CPU
		{1C07AD60-513D-4D9A-96E5-633424505FCC}.Debug|x86.Build.0 = Debug|Any CPU
		{1C07AD60-513D-4D9A-96E5-633424505FCC}.Release|Any CPU.ActiveCfg = Release|Any CPU
		{1C07AD60-513D-4D9A-96E5-633424505FCC}.Release|Any CPU.Build.0 = Release|Any CPU
		{1C07AD60-513D-4D9A-96E5-633424505FCC}.Release|x64.ActiveCfg = Release|Any CPU
		{1C07AD60-513D-4D9A-96E5-633424505FCC}.Release|x64.Build.0 = Release|Any CPU
		{1C07AD60-513D-4D9A-96E5-633424505FCC}.Release|x86.ActiveCfg = Release|Any CPU
		{1C07AD60-513D-4D9A-96E5-633424505FCC}.Release|x86.Build.0 = Release|Any CPU
		{23F241FB-1FF0-47DC-89A0-7E47DA94EDDE}.Debug|Any CPU.ActiveCfg = Debug|Any CPU
		{23F241FB-1FF0-47DC-89A0-7E47DA94EDDE}.Debug|Any CPU.Build.0 = Debug|Any CPU
		{23F241FB-1FF0-47DC-89A0-7E47DA94EDDE}.Debug|x64.ActiveCfg = Debug|Any CPU
		{23F241FB-1FF0-47DC-89A0-7E47DA94EDDE}.Debug|x64.Build.0 = Debug|Any CPU
		{23F241FB-1FF0-47DC-89A0-7E47DA94EDDE}.Debug|x86.ActiveCfg = Debug|Any CPU
		{23F241FB-1FF0-47DC-89A0-7E47DA94EDDE}.Debug|x86.Build.0 = Debug|Any CPU
		{23F241FB-1FF0-47DC-89A0-7E47DA94EDDE}.Release|Any CPU.ActiveCfg = Release|Any CPU
		{23F241FB-1FF0-47DC-89A0-7E47DA94EDDE}.Release|Any CPU.Build.0 = Release|Any CPU
		{23F241FB-1FF0-47DC-89A0-7E47DA94EDDE}.Release|x64.ActiveCfg = Release|Any CPU
		{23F241FB-1FF0-47DC-89A0-7E47DA94EDDE}.Release|x64.Build.0 = Release|Any CPU
		{23F241FB-1FF0-47DC-89A0-7E47DA94EDDE}.Release|x86.ActiveCfg = Release|Any CPU
		{23F241FB-1FF0-47DC-89A0-7E47DA94EDDE}.Release|x86.Build.0 = Release|Any CPU
	EndGlobalSection
	GlobalSection(SolutionProperties) = preSolution
		HideSolutionNode = FALSE
	EndGlobalSection
	GlobalSection(NestedProjects) = preSolution
		{5DA68065-9297-4C0F-96C3-336D75A4F2C9} = {827E0CD3-B72D-47B6-A68D-7590B98EB39B}
		{4FD862D4-2531-4CC3-BE5E-A44CFE53F55F} = {827E0CD3-B72D-47B6-A68D-7590B98EB39B}
		{68F060DC-18B0-459C-9A5F-AED9AA57144B} = {827E0CD3-B72D-47B6-A68D-7590B98EB39B}
		{57BEA9D3-A204-44F6-A852-F017BEB4A1E7} = {827E0CD3-B72D-47B6-A68D-7590B98EB39B}
		{1C07AD60-513D-4D9A-96E5-633424505FCC} = {827E0CD3-B72D-47B6-A68D-7590B98EB39B}
		{23F241FB-1FF0-47DC-89A0-7E47DA94EDDE} = {827E0CD3-B72D-47B6-A68D-7590B98EB39B}
		{B96C39A2-528A-4AFF-95AE-76CB7239E6AB} = {4A1974BF-69D5-4714-B5E7-93BEFF8FC2AC}
	EndGlobalSection
	GlobalSection(ExtensibilityGlobals) = postSolution
		SolutionGuid = {1835D3A2-5ED1-4261-A502-4AE056427BC7}
	EndGlobalSection
EndGlobal
